
Microsoft Visual Studio Solution File, Format Version 11.00
# Visual Studio 2010
Project("{FAE04EC0-301F-11D3-BF4B-00C04F79EFBC}") = "PhotonUnityNetworking.Demos", "PhotonUnityNetworking.Demos.csproj", "{505DDEE0-0CD3-6C4F-C155-4205E9AC787E}"
EndProject
Project("{FAE04EC0-301F-11D3-BF4B-00C04F79EFBC}") = "PhotonUnityNetworking.Utilities", "PhotonUnityNetworking.Utilities.csproj", "{56C93F0F-906E-88F7-C4D8-E0D605951AC2}"
EndProject
Project("{FAE04EC0-301F-11D3-BF4B-00C04F79EFBC}") = "PhotonChat", "PhotonChat.csproj", "{48BC1583-855F-16F7-25F0-591565D8DA34}"
EndProject
Project("{FAE04EC0-301F-11D3-BF4B-00C04F79EFBC}") = "PhotonUnityNetworking", "PhotonUnityNetworking.csproj", "{B3643045-812D-5673-D909-83A7C73789D8}"
EndProject
Project("{FAE04EC0-301F-11D3-BF4B-00C04F79EFBC}") = "Assembly-CSharp", "Assembly-CSharp.csproj", "{AC65FC48-EE17-0022-8B92-6252DF2B5CE7}"
EndProject
Project("{FAE04EC0-301F-11D3-BF4B-00C04F79EFBC}") = "PhotonRealtime", "PhotonRealtime.csproj", "{96A2720B-D275-C9CA-6910-3969910A75EA}"
EndProject
Project("{FAE04EC0-301F-11D3-BF4B-00C04F79EFBC}") = "PhotonWebSocket", "PhotonWebSocket.csproj", "{F6B9E3EE-83D9-7316-501F-60B1CF2CAA84}"
EndProject
Project("{FAE04EC0-301F-11D3-BF4B-00C04F79EFBC}") = "PhotonUnityNetworking.Editor", "PhotonUnityNetworking.Editor.csproj", "{03C78B1C-E999-078F-C903-B056D4D589ED}"
EndProject
Project("{FAE04EC0-301F-11D3-BF4B-00C04F79EFBC}") = "PunDemos.DemoHubEditor", "PunDemos.DemoHubEditor.csproj", "{7D29AF6A-D0B9-969C-F593-8782F9E1053D}"
EndProject
Project("{FAE04EC0-301F-11D3-BF4B-00C04F79EFBC}") = "PhotonUnityNetworking.Utilities.PhotonPlayer.Editor", "PhotonUnityNetworking.Utilities.PhotonPlayer.Editor.csproj", "{A44C3F75-EF0E-91C4-C23F-5CDEDB53DFB3}"
EndProject
Project("{FAE04EC0-301F-11D3-BF4B-00C04F79EFBC}") = "PhotonUnityNetworking.Utilities.Culling.Editor", "PhotonUnityNetworking.Utilities.Culling.Editor.csproj", "{9A55F33E-CBA9-905F-C6A9-692E92E734D2}"
EndProject
Project("{FAE04EC0-301F-11D3-BF4B-00C04F79EFBC}") = "PunDemos.DemoSlotcarEditor", "PunDemos.DemoSlotcarEditor.csproj", "{F527B9E4-B767-686E-BD50-84B338223703}"
EndProject
Global
	GlobalSection(SolutionConfigurationPlatforms) = preSolution
		Debug|Any CPU = Debug|Any CPU
		Release|Any CPU = Release|Any CPU
	EndGlobalSection
	GlobalSection(ProjectConfigurationPlatforms) = postSolution
		{505DDEE0-0CD3-6C4F-C155-4205E9AC787E}.Debug|Any CPU.ActiveCfg = Debug|Any CPU
		{505DDEE0-0CD3-6C4F-C155-4205E9AC787E}.Debug|Any CPU.Build.0 = Debug|Any CPU
		{505DDEE0-0CD3-6C4F-C155-4205E9AC787E}.Release|Any CPU.ActiveCfg = Release|Any CPU
		{505DDEE0-0CD3-6C4F-C155-4205E9AC787E}.Release|Any CPU.Build.0 = Release|Any CPU
		{56C93F0F-906E-88F7-C4D8-E0D605951AC2}.Debug|Any CPU.ActiveCfg = Debug|Any CPU
		{56C93F0F-906E-88F7-C4D8-E0D605951AC2}.Debug|Any CPU.Build.0 = Debug|Any CPU
		{56C93F0F-906E-88F7-C4D8-E0D605951AC2}.Release|Any CPU.ActiveCfg = Release|Any CPU
		{56C93F0F-906E-88F7-C4D8-E0D605951AC2}.Release|Any CPU.Build.0 = Release|Any CPU
		{48BC1583-855F-16F7-25F0-591565D8DA34}.Debug|Any CPU.ActiveCfg = Debug|Any CPU
		{48BC1583-855F-16F7-25F0-591565D8DA34}.Debug|Any CPU.Build.0 = Debug|Any CPU
		{48BC1583-855F-16F7-25F0-591565D8DA34}.Release|Any CPU.ActiveCfg = Release|Any CPU
		{48BC1583-855F-16F7-25F0-591565D8DA34}.Release|Any CPU.Build.0 = Release|Any CPU
		{B3643045-812D-5673-D909-83A7C73789D8}.Debug|Any CPU.ActiveCfg = Debug|Any CPU
		{B3643045-812D-5673-D909-83A7C73789D8}.Debug|Any CPU.Build.0 = Debug|Any CPU
		{B3643045-812D-5673-D909-83A7C73789D8}.Release|Any CPU.ActiveCfg = Release|Any CPU
		{B3643045-812D-5673-D909-83A7C73789D8}.Release|Any CPU.Build.0 = Release|Any CPU
		{AC65FC48-EE17-0022-8B92-6252DF2B5CE7}.Debug|Any CPU.ActiveCfg = Debug|Any CPU
		{AC65FC48-EE17-0022-8B92-6252DF2B5CE7}.Debug|Any CPU.Build.0 = Debug|Any CPU
		{AC65FC48-EE17-0022-8B92-6252DF2B5CE7}.Release|Any CPU.ActiveCfg = Release|Any CPU
		{AC65FC48-EE17-0022-8B92-6252DF2B5CE7}.Release|Any CPU.Build.0 = Release|Any CPU
		{96A2720B-D275-C9CA-6910-3969910A75EA}.Debug|Any CPU.ActiveCfg = Debug|Any CPU
		{96A2720B-D275-C9CA-6910-3969910A75EA}.Debug|Any CPU.Build.0 = Debug|Any CPU
		{96A2720B-D275-C9CA-6910-3969910A75EA}.Release|Any CPU.ActiveCfg = Release|Any CPU
		{96A2720B-D275-C9CA-6910-3969910A75EA}.Release|Any CPU.Build.0 = Release|Any CPU
		{F6B9E3EE-83D9-7316-501F-60B1CF2CAA84}.Debug|Any CPU.ActiveCfg = Debug|Any CPU
		{F6B9E3EE-83D9-7316-501F-60B1CF2CAA84}.Debug|Any CPU.Build.0 = Debug|Any CPU
		{F6B9E3EE-83D9-7316-501F-60B1CF2CAA84}.Release|Any CPU.ActiveCfg = Release|Any CPU
		{F6B9E3EE-83D9-7316-501F-60B1CF2CAA84}.Release|Any CPU.Build.0 = Release|Any CPU
		{03C78B1C-E999-078F-C903-B056D4D589ED}.Debug|Any CPU.ActiveCfg = Debug|Any CPU
		{03C78B1C-E999-078F-C903-B056D4D589ED}.Debug|Any CPU.Build.0 = Debug|Any CPU
		{03C78B1C-E999-078F-C903-B056D4D589ED}.Release|Any CPU.ActiveCfg = Release|Any CPU
		{03C78B1C-E999-078F-C903-B056D4D589ED}.Release|Any CPU.Build.0 = Release|Any CPU
		{7D29AF6A-D0B9-969C-F593-8782F9E1053D}.Debug|Any CPU.ActiveCfg = Debug|Any CPU
		{7D29AF6A-D0B9-969C-F593-8782F9E1053D}.Debug|Any CPU.Build.0 = Debug|Any CPU
		{7D29AF6A-D0B9-969C-F593-8782F9E1053D}.Release|Any CPU.ActiveCfg = Release|Any CPU
		{7D29AF6A-D0B9-969C-F593-8782F9E1053D}.Release|Any CPU.Build.0 = Release|Any CPU
		{A44C3F75-EF0E-91C4-C23F-5CDEDB53DFB3}.Debug|Any CPU.ActiveCfg = Debug|Any CPU
		{A44C3F75-EF0E-91C4-C23F-5CDEDB53DFB3}.Debug|Any CPU.Build.0 = Debug|Any CPU
		{A44C3F75-EF0E-91C4-C23F-5CDEDB53DFB3}.Release|Any CPU.ActiveCfg = Release|Any CPU
		{A44C3F75-EF0E-91C4-C23F-5CDEDB53DFB3}.Release|Any CPU.Build.0 = Release|Any CPU
		{9A55F33E-CBA9-905F-C6A9-692E92E734D2}.Debug|Any CPU.ActiveCfg = Debug|Any CPU
		{9A55F33E-CBA9-905F-C6A9-692E92E734D2}.Debug|Any CPU.Build.0 = Debug|Any CPU
		{9A55F33E-CBA9-905F-C6A9-692E92E734D2}.Release|Any CPU.ActiveCfg = Release|Any CPU
		{9A55F33E-CBA9-905F-C6A9-692E92E734D2}.Release|Any CPU.Build.0 = Release|Any CPU
		{F527B9E4-B767-686E-BD50-84B338223703}.Debug|Any CPU.ActiveCfg = Debug|Any CPU
		{F527B9E4-B767-686E-BD50-84B338223703}.Debug|Any CPU.Build.0 = Debug|Any CPU
		{F527B9E4-B767-686E-BD50-84B338223703}.Release|Any CPU.ActiveCfg = Release|Any CPU
		{F527B9E4-B767-686E-BD50-84B338223703}.Release|Any CPU.Build.0 = Release|Any CPU
	EndGlobalSection
	GlobalSection(SolutionProperties) = preSolution
		HideSolutionNode = FALSE
	EndGlobalSection
EndGlobal
